
Microsoft Visual Studio Solution File, Format Version 12.00
# Visual Studio Version 17
VisualStudioVersion = 17.1.32210.238
MinimumVisualStudioVersion = 10.0.40219.1
Project("{FAE04EC0-301F-11D3-BF4B-00C04F79EFBC}") = "Session-03", "Session-03.csproj", "{70D2D027-A351-4274-945E-2FC39799DBCF}"
EndProject
Global
	GlobalSection(SolutionConfigurationPlatforms) = preSolution
		Debug|Any CPU = Debug|Any CPU
		Release|Any CPU = Release|Any CPU
	EndGlobalSection
	GlobalSection(ProjectConfigurationPlatforms) = postSolution
		{70D2D027-A351-4274-945E-2FC39799DBCF}.Debug|Any CPU.ActiveCfg = Debug|Any CPU
		{70D2D027-A351-4274-945E-2FC39799DBCF}.Debug|Any CPU.Build.0 = Debug|Any CPU
		{70D2D027-A351-4274-945E-2FC39799DBCF}.Release|Any CPU.ActiveCfg = Release|Any CPU
		{70D2D027-A351-4274-945E-2FC39799DBCF}.Release|Any CPU.Build.0 = Release|Any CPU
	EndGlobalSection
	GlobalSection(SolutionProperties) = preSolution
		HideSolutionNode = FALSE
	EndGlobalSection
	GlobalSection(ExtensibilityGlobals) = postSolution
		SolutionGuid = {6B6AF112-7AE7-4052-BE95-0CB2F46ED18F}
	EndGlobalSection
EndGlobal
